<?xml version="1.0" encoding="utf-8"?>
<Project ToolsVersion="4.0" xmlns="http://schemas.microsoft.com/developer/msbuild/2003">
  <ItemGroup>
    <Filter Include="소스 파일">
      <UniqueIdentifier>{4FC737F1-C7A5-4376-A066-2A32D752A2FF}</UniqueIdentifier>
      <Extensions>cpp;c;cc;cxx;c++;cppm;ixx;def;odl;idl;hpj;bat;asm;asmx</Extensions>
    </Filter>
    <Filter Include="헤더 파일">
      <UniqueIdentifier>{93995380-89BD-4b04-88EB-625FBE52EBFB}</UniqueIdentifier>
      <Extensions>h;hh;hpp;hxx;h++;hm;inl;inc;ipp;xsd</Extensions>
    </Filter>
    <Filter Include="리소스 파일">
      <UniqueIdentifier>{67DA6AB6-F800-4c08-8B7A-83BB121AAD01}</UniqueIdentifier>
      <Extensions>rc;ico;cur;bmp;dlg;rc2;rct;bin;rgs;gif;jpg;jpeg;jpe;resx;tiff;tif;png;wav;mfcribbon-ms</Extensions>
    </Filter>
    <Filter Include="소스 파일\직렬화">
      <UniqueIdentifier>{3022b705-dd20-4341-9795-a44d77994fb5}</UniqueIdentifier>
    </Filter>
    <Filter Include="소스 파일\JobQueue">
      <UniqueIdentifier>{9545bfda-cfb3-486e-9d42-a5e9fc790c61}</UniqueIdentifier>
    </Filter>
    <Filter Include="소스 파일\Sector">
      <UniqueIdentifier>{4cd378c0-7699-4354-9728-cf67d12f650d}</UniqueIdentifier>
    </Filter>
    <Filter Include="소스 파일\MsgProc">
      <UniqueIdentifier>{4f558bc2-ed47-4058-a305-5c650a2f7094}</UniqueIdentifier>
    </Filter>
  </ItemGroup>
  <ItemGroup>
    <ClInclude Include="Define.h">
      <Filter>소스 파일</Filter>
    </ClInclude>
    <ClInclude Include="OverlapNetwork.h">
      <Filter>소스 파일</Filter>
    </ClInclude>
    <ClInclude Include="RingQueue.h">
      <Filter>소스 파일</Filter>
    </ClInclude>
    <ClInclude Include="CPacket.h">
      <Filter>소스 파일\직렬화</Filter>
    </ClInclude>
    <ClInclude Include="MPacket.h">
      <Filter>소스 파일\직렬화</Filter>
    </ClInclude>
    <ClInclude Include="JobQueue.h">
      <Filter>소스 파일\JobQueue</Filter>
    </ClInclude>
    <ClInclude Include="CSector.h">
      <Filter>소스 파일\Sector</Filter>
    </ClInclude>
    <ClInclude Include="MsgProc.h">
      <Filter>소스 파일\MsgProc</Filter>
    </ClInclude>
  </ItemGroup>
  <ItemGroup>
    <ClCompile Include="main.cpp">
      <Filter>소스 파일</Filter>
    </ClCompile>
    <ClCompile Include="OverlapNetwork.cpp">
      <Filter>소스 파일</Filter>
    </ClCompile>
    <ClCompile Include="RingQueue.cpp">
      <Filter>소스 파일</Filter>
    </ClCompile>
    <ClCompile Include="CPacket.cpp">
      <Filter>소스 파일\직렬화</Filter>
    </ClCompile>
    <ClCompile Include="MPacket.cpp">
      <Filter>소스 파일\직렬화</Filter>
    </ClCompile>
    <ClCompile Include="JobQueue.cpp">
      <Filter>소스 파일\JobQueue</Filter>
    </ClCompile>
    <ClCompile Include="CSector.cpp">
      <Filter>소스 파일\Sector</Filter>
    </ClCompile>
    <ClCompile Include="MsgProc.cpp">
      <Filter>소스 파일\MsgProc</Filter>
    </ClCompile>
  </ItemGroup>
</Project>